
Microsoft Visual Studio Solution File, Format Version 12.00
# Visual Studio Version 17
VisualStudioVersion = 17.7.34018.315
MinimumVisualStudioVersion = 10.0.40219.1
Project("{FAE04EC0-301F-11D3-BF4B-00C04F79EFBC}") = "CustomTagHelperDemo", "CustomTagHelperDemo\CustomTagHelperDemo.csproj", "{21AE5530-8495-4FA0-BCD8-BFC09705127A}"
EndProject
Global
	GlobalSection(SolutionConfigurationPlatforms) = preSolution
		Debug|Any CPU = Debug|Any CPU
		Release|Any CPU = Release|Any CPU
	EndGlobalSection
	GlobalSection(ProjectConfigurationPlatforms) = postSolution
		{21AE5530-8495-4FA0-BCD8-BFC09705127A}.Debug|Any CPU.ActiveCfg = Debug|Any CPU
		{21AE5530-8495-4FA0-BCD8-BFC09705127A}.Debug|Any CPU.Build.0 = Debug|Any CPU
		{21AE5530-8495-4FA0-BCD8-BFC09705127A}.Release|Any CPU.ActiveCfg = Release|Any CPU
		{21AE5530-8495-4FA0-BCD8-BFC09705127A}.Release|Any CPU.Build.0 = Release|Any CPU
	EndGlobalSection
	GlobalSection(SolutionProperties) = preSolution
		HideSolutionNode = FALSE
	EndGlobalSection
	GlobalSection(ExtensibilityGlobals) = postSolution
		SolutionGuid = {9342232F-B18C-40CF-94B8-887F1B01A577}
	EndGlobalSection
EndGlobal
