
Microsoft Visual Studio Solution File, Format Version 12.00
# Visual Studio Version 17
VisualStudioVersion = 17.7.34018.315
MinimumVisualStudioVersion = 10.0.40219.1
Project("{FAE04EC0-301F-11D3-BF4B-00C04F79EFBC}") = "ApiDemo", "ApiDemo\ApiDemo.csproj", "{EDE5EFC6-6AFE-4531-974F-F09D9F4DC164}"
EndProject
Global
	GlobalSection(SolutionConfigurationPlatforms) = preSolution
		Debug|Any CPU = Debug|Any CPU
		Release|Any CPU = Release|Any CPU
	EndGlobalSection
	GlobalSection(ProjectConfigurationPlatforms) = postSolution
		{EDE5EFC6-6AFE-4531-974F-F09D9F4DC164}.Debug|Any CPU.ActiveCfg = Debug|Any CPU
		{EDE5EFC6-6AFE-4531-974F-F09D9F4DC164}.Debug|Any CPU.Build.0 = Debug|Any CPU
		{EDE5EFC6-6AFE-4531-974F-F09D9F4DC164}.Release|Any CPU.ActiveCfg = Release|Any CPU
		{EDE5EFC6-6AFE-4531-974F-F09D9F4DC164}.Release|Any CPU.Build.0 = Release|Any CPU
	EndGlobalSection
	GlobalSection(SolutionProperties) = preSolution
		HideSolutionNode = FALSE
	EndGlobalSection
	GlobalSection(ExtensibilityGlobals) = postSolution
		SolutionGuid = {69CDE625-32CA-4DCC-8990-DD4A838C3D7F}
	EndGlobalSection
EndGlobal
