
Microsoft Visual Studio Solution File, Format Version 12.00
# Visual Studio Version 17
VisualStudioVersion = 17.7.34018.315
MinimumVisualStudioVersion = 10.0.40219.1
Project("{FAE04EC0-301F-11D3-BF4B-00C04F79EFBC}") = "Zomato", "Zomato\Zomato.csproj", "{09987571-A470-42FB-9F37-150C8D2F5387}"
EndProject
Global
	GlobalSection(SolutionConfigurationPlatforms) = preSolution
		Debug|Any CPU = Debug|Any CPU
		Release|Any CPU = Release|Any CPU
	EndGlobalSection
	GlobalSection(ProjectConfigurationPlatforms) = postSolution
		{09987571-A470-42FB-9F37-150C8D2F5387}.Debug|Any CPU.ActiveCfg = Debug|Any CPU
		{09987571-A470-42FB-9F37-150C8D2F5387}.Debug|Any CPU.Build.0 = Debug|Any CPU
		{09987571-A470-42FB-9F37-150C8D2F5387}.Release|Any CPU.ActiveCfg = Release|Any CPU
		{09987571-A470-42FB-9F37-150C8D2F5387}.Release|Any CPU.Build.0 = Release|Any CPU
	EndGlobalSection
	GlobalSection(SolutionProperties) = preSolution
		HideSolutionNode = FALSE
	EndGlobalSection
	GlobalSection(ExtensibilityGlobals) = postSolution
		SolutionGuid = {89F5A09D-CB3C-492D-A3BF-5EB917273955}
	EndGlobalSection
EndGlobal
