
Microsoft Visual Studio Solution File, Format Version 12.00
# Visual Studio Version 17
VisualStudioVersion = 17.7.34018.315
MinimumVisualStudioVersion = 10.0.40219.1
Project("{FAE04EC0-301F-11D3-BF4B-00C04F79EFBC}") = "ApiConsume", "ApiConsume\ApiConsume.csproj", "{6E004A8D-C610-41A2-BD9C-22612379961E}"
EndProject
Global
	GlobalSection(SolutionConfigurationPlatforms) = preSolution
		Debug|Any CPU = Debug|Any CPU
		Release|Any CPU = Release|Any CPU
	EndGlobalSection
	GlobalSection(ProjectConfigurationPlatforms) = postSolution
		{6E004A8D-C610-41A2-BD9C-22612379961E}.Debug|Any CPU.ActiveCfg = Debug|Any CPU
		{6E004A8D-C610-41A2-BD9C-22612379961E}.Debug|Any CPU.Build.0 = Debug|Any CPU
		{6E004A8D-C610-41A2-BD9C-22612379961E}.Release|Any CPU.ActiveCfg = Release|Any CPU
		{6E004A8D-C610-41A2-BD9C-22612379961E}.Release|Any CPU.Build.0 = Release|Any CPU
	EndGlobalSection
	GlobalSection(SolutionProperties) = preSolution
		HideSolutionNode = FALSE
	EndGlobalSection
	GlobalSection(ExtensibilityGlobals) = postSolution
		SolutionGuid = {43995F3E-762A-424B-8F04-6C643F5842DA}
	EndGlobalSection
EndGlobal
